
Microsoft Visual Studio Solution File, Format Version 12.00
# Visual Studio 15
VisualStudioVersion = 15.0.28010.2016
MinimumVisualStudioVersion = 10.0.40219.1
Project("{FAE04EC0-301F-11D3-BF4B-00C04F79EFBC}") = "DataT1708M1", "DataT1708M1\DataT1708M1.csproj", "{B630CD7B-5AE7-4DE9-B19F-F8486ADB0267}"
EndProject
Global
	GlobalSection(SolutionConfigurationPlatforms) = preSolution
		Debug|Any CPU = Debug|Any CPU
		Release|Any CPU = Release|Any CPU
	EndGlobalSection
	GlobalSection(ProjectConfigurationPlatforms) = postSolution
		{B630CD7B-5AE7-4DE9-B19F-F8486ADB0267}.Debug|Any CPU.ActiveCfg = Debug|Any CPU
		{B630CD7B-5AE7-4DE9-B19F-F8486ADB0267}.Debug|Any CPU.Build.0 = Debug|Any CPU
		{B630CD7B-5AE7-4DE9-B19F-F8486ADB0267}.Release|Any CPU.ActiveCfg = Release|Any CPU
		{B630CD7B-5AE7-4DE9-B19F-F8486ADB0267}.Release|Any CPU.Build.0 = Release|Any CPU
	EndGlobalSection
	GlobalSection(SolutionProperties) = preSolution
		HideSolutionNode = FALSE
	EndGlobalSection
	GlobalSection(ExtensibilityGlobals) = postSolution
		SolutionGuid = {8F1822D6-E52C-4A1C-BD61-5633BF96197F}
	EndGlobalSection
EndGlobal
